
Microsoft Visual Studio Solution File, Format Version 12.00
# Visual Studio 15
VisualStudioVersion = 15.0.28010.2050
MinimumVisualStudioVersion = 10.0.40219.1
Project("{FAE04EC0-301F-11D3-BF4B-00C04F79EFBC}") = "WebApplication1", "WebApplication1\WebApplication1.csproj", "{06D508F8-E58A-424C-9D9E-7B93717A6CA8}"
EndProject
Global
	GlobalSection(SolutionConfigurationPlatforms) = preSolution
		Debug|Any CPU = Debug|Any CPU
		Release|Any CPU = Release|Any CPU
	EndGlobalSection
	GlobalSection(ProjectConfigurationPlatforms) = postSolution
		{06D508F8-E58A-424C-9D9E-7B93717A6CA8}.Debug|Any CPU.ActiveCfg = Debug|Any CPU
		{06D508F8-E58A-424C-9D9E-7B93717A6CA8}.Debug|Any CPU.Build.0 = Debug|Any CPU
		{06D508F8-E58A-424C-9D9E-7B93717A6CA8}.Release|Any CPU.ActiveCfg = Release|Any CPU
		{06D508F8-E58A-424C-9D9E-7B93717A6CA8}.Release|Any CPU.Build.0 = Release|Any CPU
	EndGlobalSection
	GlobalSection(SolutionProperties) = preSolution
		HideSolutionNode = FALSE
	EndGlobalSection
	GlobalSection(ExtensibilityGlobals) = postSolution
		SolutionGuid = {33348C50-A0AD-42CF-9A70-305C008ADBAF}
	EndGlobalSection
EndGlobal
